github.com/yuin/goldmark/v2 v2.0.0 h1:P6JP1Px30eqo339He8dDFE8D0BSM21eQcbozLWH+E6g=
github.com/yuin/goldmark/v2 v2.0.0/go.mod h1:G6M4/qOFtfn01/o14BU1UR2Lo5N3S9Qo7xCuz/sHjGQ=
github.com/yuin/goldmark/v2 v2.0.1 h1:Os0APQLbfXBzA7pc8qF8HBSTO8LOIvhQHX6pEA5/0CY=
github.com/yuin/goldmark/v2 v2.0.1/go.mod h1:G6M4/qOFtfn01/o14BU1UR2Lo5N3S9Qo7xCuz/sHjGQ=
go.yaml.in/yaml/v3 v3.0.5 h1:N6y/pJk8buWs9NY5ERU2HSMfm+IuD/OtfdAnq6kESPw=
go.yaml.in/yaml/v3 v3.0.5/go.mod h1:HVTZu1O7/Vkt2N+BFy8Zza+lnLsABggaTM2ZpNIGuKg=
